
Microsoft Visual Studio Solution File, Format Version 12.00
# Visual Studio 14
VisualStudioVersion = 14.0.25420.1
MinimumVisualStudioVersion = 10.0.40219.1
Project("{FAE04EC0-301F-11D3-BF4B-00C04F79EFBC}") = "SharedTasks", "SharedTasks\SharedTasks.csproj", "{49556F74-28C8-4700-A7BB-065526F8816A}"
EndProject
Project("{FAE04EC0-301F-11D3-BF4B-00C04F79EFBC}") = "SharedTasks.Data", "SharedTasks.Data\SharedTasks.Data.csproj", "{04752AD0-D5E3-4138-95A6-698CD03E5FC9}"
EndProject
Global
	GlobalSection(SolutionConfigurationPlatforms) = preSolution
		Debug|Any CPU = Debug|Any CPU
		Release|Any CPU = Release|Any CPU
	EndGlobalSection
	GlobalSection(ProjectConfigurationPlatforms) = postSolution
		{49556F74-28C8-4700-A7BB-065526F8816A}.Debug|Any CPU.ActiveCfg = Debug|Any CPU
		{49556F74-28C8-4700-A7BB-065526F8816A}.Debug|Any CPU.Build.0 = Debug|Any CPU
		{49556F74-28C8-4700-A7BB-065526F8816A}.Release|Any CPU.ActiveCfg = Release|Any CPU
		{49556F74-28C8-4700-A7BB-065526F8816A}.Release|Any CPU.Build.0 = Release|Any CPU
		{04752AD0-D5E3-4138-95A6-698CD03E5FC9}.Debug|Any CPU.ActiveCfg = Debug|Any CPU
		{04752AD0-D5E3-4138-95A6-698CD03E5FC9}.Debug|Any CPU.Build.0 = Debug|Any CPU
		{04752AD0-D5E3-4138-95A6-698CD03E5FC9}.Release|Any CPU.ActiveCfg = Release|Any CPU
		{04752AD0-D5E3-4138-95A6-698CD03E5FC9}.Release|Any CPU.Build.0 = Release|Any CPU
	EndGlobalSection
	GlobalSection(SolutionProperties) = preSolution
		HideSolutionNode = FALSE
	EndGlobalSection
EndGlobal
